
Microsoft Visual Studio Solution File, Format Version 12.00
# Visual Studio Version 16
VisualStudioVersion = 16.0.30225.117
MinimumVisualStudioVersion = 10.0.40219.1
Project("{FAE04EC0-301F-11D3-BF4B-00C04F79EFBC}") = "BankApp", "BankApp.csproj", "{3A4ADE88-1ACF-40F0-BE43-8CADE18B7596}"
EndProject
Global
	GlobalSection(SolutionConfigurationPlatforms) = preSolution
		Debug|Any CPU = Debug|Any CPU
		Release|Any CPU = Release|Any CPU
	EndGlobalSection
	GlobalSection(ProjectConfigurationPlatforms) = postSolution
		{3A4ADE88-1ACF-40F0-BE43-8CADE18B7596}.Debug|Any CPU.ActiveCfg = Debug|Any CPU
		{3A4ADE88-1ACF-40F0-BE43-8CADE18B7596}.Debug|Any CPU.Build.0 = Debug|Any CPU
		{3A4ADE88-1ACF-40F0-BE43-8CADE18B7596}.Release|Any CPU.ActiveCfg = Release|Any CPU
		{3A4ADE88-1ACF-40F0-BE43-8CADE18B7596}.Release|Any CPU.Build.0 = Release|Any CPU
	EndGlobalSection
	GlobalSection(SolutionProperties) = preSolution
		HideSolutionNode = FALSE
	EndGlobalSection
	GlobalSection(ExtensibilityGlobals) = postSolution
		SolutionGuid = {7FDF3327-7F67-4017-8575-2089C4B74FED}
	EndGlobalSection
EndGlobal
